
Microsoft Visual Studio Solution File, Format Version 12.00
# Visual Studio Version 17
VisualStudioVersion = 17.4.33205.214
MinimumVisualStudioVersion = 10.0.40219.1
Project("{FAE04EC0-301F-11D3-BF4B-00C04F79EFBC}") = "lofter.Main", "lofter.Main\lofter.Main.csproj", "{4C99AD24-259A-412C-84EC-80857C691475}"
EndProject
Global
	GlobalSection(SolutionConfigurationPlatforms) = preSolution
		Debug|Any CPU = Debug|Any CPU
		Release|Any CPU = Release|Any CPU
	EndGlobalSection
	GlobalSection(ProjectConfigurationPlatforms) = postSolution
		{4C99AD24-259A-412C-84EC-80857C691475}.Debug|Any CPU.ActiveCfg = Debug|Any CPU
		{4C99AD24-259A-412C-84EC-80857C691475}.Debug|Any CPU.Build.0 = Debug|Any CPU
		{4C99AD24-259A-412C-84EC-80857C691475}.Release|Any CPU.ActiveCfg = Release|Any CPU
		{4C99AD24-259A-412C-84EC-80857C691475}.Release|Any CPU.Build.0 = Release|Any CPU
	EndGlobalSection
	GlobalSection(SolutionProperties) = preSolution
		HideSolutionNode = FALSE
	EndGlobalSection
	GlobalSection(ExtensibilityGlobals) = postSolution
		SolutionGuid = {0AABB9D9-0B4C-4CFF-B455-C7DB0DAEF1BD}
	EndGlobalSection
EndGlobal
